// !$*UTF8*$!
{
	archiveVersion = 1;
	classes = {
	};
	objectVersion = 46;
	objects = {

/* Begin PBXBuildFile section */
		507C2B1EB1A57ED956323AA0 /* Pods_ContactsTests.framework in Frameworks */ = {isa = PBXBuildFile; fileRef = A36F2333606261EC16265CED /* Pods_ContactsTests.framework */; };
		5A217CEA1F3B5B2B003B8054 /* AppDelegate.swift in Sources */ = {isa = PBXBuildFile; fileRef = 5A217CE91F3B5B2B003B8054 /* AppDelegate.swift */; };
		5A217CF21F3B5B2B003B8054 /* Contacts.xcdatamodeld in Sources */ = {isa = PBXBuildFile; fileRef = 5A217CF01F3B5B2B003B8054 /* Contacts.xcdatamodeld */; };
		5A217CF41F3B5B2B003B8054 /* Assets.xcassets in Resources */ = {isa = PBXBuildFile; fileRef = 5A217CF31F3B5B2B003B8054 /* Assets.xcassets */; };
		5A217CF71F3B5B2B003B8054 /* LaunchScreen.storyboard in Resources */ = {isa = PBXBuildFile; fileRef = 5A217CF51F3B5B2B003B8054 /* LaunchScreen.storyboard */; };
		5A217D021F3B5B2B003B8054 /* ContactsTests.swift in Sources */ = {isa = PBXBuildFile; fileRef = 5A217D011F3B5B2B003B8054 /* ContactsTests.swift */; };
		5A217D0D1F3B5CE9003B8054 /* ContactsData.swift in Sources */ = {isa = PBXBuildFile; fileRef = 5A217D0C1F3B5CE9003B8054 /* ContactsData.swift */; };
		5A217D131F3B66E2003B8054 /* Contact+CoreDataClass.swift in Sources */ = {isa = PBXBuildFile; fileRef = 5A217D0F1F3B66E2003B8054 /* Contact+CoreDataClass.swift */; };
		5A217D141F3B66E2003B8054 /* Contact+CoreDataProperties.swift in Sources */ = {isa = PBXBuildFile; fileRef = 5A217D101F3B66E2003B8054 /* Contact+CoreDataProperties.swift */; };
		5A217D151F3B66E2003B8054 /* ManagedObject+CoreDataClass.swift in Sources */ = {isa = PBXBuildFile; fileRef = 5A217D111F3B66E2003B8054 /* ManagedObject+CoreDataClass.swift */; };
		5A217D161F3B66E2003B8054 /* ManagedObject+CoreDataProperties.swift in Sources */ = {isa = PBXBuildFile; fileRef = 5A217D121F3B66E2003B8054 /* ManagedObject+CoreDataProperties.swift */; };
		5A217D181F3B673C003B8054 /* NSAttributedString+Extension.swift in Sources */ = {isa = PBXBuildFile; fileRef = 5A217D171F3B673C003B8054 /* NSAttributedString+Extension.swift */; };
		5A217D1B1F3B6DA2003B8054 /* ContactsViewController.swift in Sources */ = {isa = PBXBuildFile; fileRef = 5A217D1A1F3B6DA2003B8054 /* ContactsViewController.swift */; };
		5A217D1D1F3B6F39003B8054 /* ContactTableViewCell.swift in Sources */ = {isa = PBXBuildFile; fileRef = 5A217D1C1F3B6F39003B8054 /* ContactTableViewCell.swift */; };
		5A217D201F3B771B003B8054 /* ContactDetailViewController.swift in Sources */ = {isa = PBXBuildFile; fileRef = 5A217D1F1F3B771B003B8054 /* ContactDetailViewController.swift */; };
		5A217D221F3B90FA003B8054 /* ReadCell.swift in Sources */ = {isa = PBXBuildFile; fileRef = 5A217D211F3B90FA003B8054 /* ReadCell.swift */; };
		5AB93A671F3CE034004B74F1 /* SearchResultsViewController.swift in Sources */ = {isa = PBXBuildFile; fileRef = 5AB93A661F3CE034004B74F1 /* SearchResultsViewController.swift */; };
		5AB93A691F3CE68D004B74F1 /* BaseTableViewController.swift in Sources */ = {isa = PBXBuildFile; fileRef = 5AB93A681F3CE68D004B74F1 /* BaseTableViewController.swift */; };
		5AB93A6C1F3D23A9004B74F1 /* NetworkReachability.swift in Sources */ = {isa = PBXBuildFile; fileRef = 5AB93A6B1F3D23A9004B74F1 /* NetworkReachability.swift */; };
		5AB93A7A1F3D286E004B74F1 /* UIColor+Extension.swift in Sources */ = {isa = PBXBuildFile; fileRef = 5AB93A791F3D286E004B74F1 /* UIColor+Extension.swift */; };
		5AB93A801F3D2EE0004B74F1 /* InternalNotificationManager.swift in Sources */ = {isa = PBXBuildFile; fileRef = 5AB93A7B1F3D2EE0004B74F1 /* InternalNotificationManager.swift */; };
		5AB93A811F3D2EE0004B74F1 /* InternalNotificationViewController.swift in Sources */ = {isa = PBXBuildFile; fileRef = 5AB93A7C1F3D2EE0004B74F1 /* InternalNotificationViewController.swift */; };
		5AB93A821F3D2EE0004B74F1 /* InternalNotificationView.swift in Sources */ = {isa = PBXBuildFile; fileRef = 5AB93A7D1F3D2EE0004B74F1 /* InternalNotificationView.swift */; };
		5AB93A831F3D2EE0004B74F1 /* InternalMessageNotificationView.swift in Sources */ = {isa = PBXBuildFile; fileRef = 5AB93A7E1F3D2EE0004B74F1 /* InternalMessageNotificationView.swift */; };
		5AB93A841F3D2EE0004B74F1 /* InternalSyncNotificationView.swift in Sources */ = {isa = PBXBuildFile; fileRef = 5AB93A7F1F3D2EE0004B74F1 /* InternalSyncNotificationView.swift */; };
		5AB93A871F3DCA65004B74F1 /* ReadDoubleCell.swift in Sources */ = {isa = PBXBuildFile; fileRef = 5AB93A861F3DCA65004B74F1 /* ReadDoubleCell.swift */; };
		5AB93A8A1F3DECA3004B74F1 /* MapViewController.swift in Sources */ = {isa = PBXBuildFile; fileRef = 5AB93A891F3DECA3004B74F1 /* MapViewController.swift */; };
		5AB93A8C1F3DF9D3004B74F1 /* ReadButtonCell.swift in Sources */ = {isa = PBXBuildFile; fileRef = 5AB93A8B1F3DF9D3004B74F1 /* ReadButtonCell.swift */; };
		8DC506E887A8FC7F8B40F28A /* Pods_Contacts.framework in Frameworks */ = {isa = PBXBuildFile; fileRef = 262EECEC4613A8AFAAAD8944 /* Pods_Contacts.framework */; };
/* End PBXBuildFile section */

/* Begin PBXContainerItemProxy section */
		5A217CFE1F3B5B2B003B8054 /* PBXContainerItemProxy */ = {
			isa = PBXContainerItemProxy;
			containerPortal = 5A217CDE1F3B5B2A003B8054 /* Project object */;
			proxyType = 1;
			remoteGlobalIDString = 5A217CE51F3B5B2B003B8054;
			remoteInfo = Contacts;
		};
/* End PBXContainerItemProxy section */

/* Begin PBXFileReference section */
		262EECEC4613A8AFAAAD8944 /* Pods_Contacts.framework */ = {isa = PBXFileReference; explicitFileType = wrapper.framework; includeInIndex = 0; path = Pods_Contacts.framework; sourceTree = BUILT_PRODUCTS_DIR; };
		5A217CE61F3B5B2B003B8054 /* Contacts.app */ = {isa = PBXFileReference; explicitFileType = wrapper.application; includeInIndex = 0; path = Contacts.app; sourceTree = BUILT_PRODUCTS_DIR; };
		5A217CE91F3B5B2B003B8054 /* AppDelegate.swift */ = {isa = PBXFileReference; lastKnownFileType = sourcecode.swift; path = AppDelegate.swift; sourceTree = "<group>"; };
		5A217CF11F3B5B2B003B8054 /* Contacts.xcdatamodel */ = {isa = PBXFileReference; lastKnownFileType = wrapper.xcdatamodel; path = Contacts.xcdatamodel; sourceTree = "<group>"; };
		5A217CF31F3B5B2B003B8054 /* Assets.xcassets */ = {isa = PBXFileReference; lastKnownFileType = folder.assetcatalog; path = Assets.xcassets; sourceTree = "<group>"; };
		5A217CF61F3B5B2B003B8054 /* Base */ = {isa = PBXFileReference; lastKnownFileType = file.storyboard; name = Base; path = Base.lproj/LaunchScreen.storyboard; sourceTree = "<group>"; };
		5A217CF81F3B5B2B003B8054 /* Info.plist */ = {isa = PBXFileReference; lastKnownFileType = text.plist.xml; path = Info.plist; sourceTree = "<group>"; };
		5A217CFD1F3B5B2B003B8054 /* ContactsTests.xctest */ = {isa = PBXFileReference; explicitFileType = wrapper.cfbundle; includeInIndex = 0; path = ContactsTests.xctest; sourceTree = BUILT_PRODUCTS_DIR; };
		5A217D011F3B5B2B003B8054 /* ContactsTests.swift */ = {isa = PBXFileReference; lastKnownFileType = sourcecode.swift; path = ContactsTests.swift; sourceTree = "<group>"; };
		5A217D031F3B5B2B003B8054 /* Info.plist */ = {isa = PBXFileReference; lastKnownFileType = text.plist.xml; path = Info.plist; sourceTree = "<group>"; };
		5A217D0C1F3B5CE9003B8054 /* ContactsData.swift */ = {isa = PBXFileReference; fileEncoding = 4; lastKnownFileType = sourcecode.swift; path = ContactsData.swift; sourceTree = "<group>"; };
		5A217D0F1F3B66E2003B8054 /* Contact+CoreDataClass.swift */ = {isa = PBXFileReference; fileEncoding = 4; lastKnownFileType = sourcecode.swift; name = "Contact+CoreDataClass.swift"; path = "../Contact+CoreDataClass.swift"; sourceTree = "<group>"; };
		5A217D101F3B66E2003B8054 /* Contact+CoreDataProperties.swift */ = {isa = PBXFileReference; fileEncoding = 4; lastKnownFileType = sourcecode.swift; name = "Contact+CoreDataProperties.swift"; path = "../Contact+CoreDataProperties.swift"; sourceTree = "<group>"; };
		5A217D111F3B66E2003B8054 /* ManagedObject+CoreDataClass.swift */ = {isa = PBXFileReference; fileEncoding = 4; lastKnownFileType = sourcecode.swift; name = "ManagedObject+CoreDataClass.swift"; path = "../ManagedObject+CoreDataClass.swift"; sourceTree = "<group>"; };
		5A217D121F3B66E2003B8054 /* ManagedObject+CoreDataProperties.swift */ = {isa = PBXFileReference; fileEncoding = 4; lastKnownFileType = sourcecode.swift; name = "ManagedObject+CoreDataProperties.swift"; path = "../ManagedObject+CoreDataProperties.swift"; sourceTree = "<group>"; };
		5A217D171F3B673C003B8054 /* NSAttributedString+Extension.swift */ = {isa = PBXFileReference; fileEncoding = 4; lastKnownFileType = sourcecode.swift; path = "NSAttributedString+Extension.swift"; sourceTree = "<group>"; };
		5A217D1A1F3B6DA2003B8054 /* ContactsViewController.swift */ = {isa = PBXFileReference; fileEncoding = 4; lastKnownFileType = sourcecode.swift; path = ContactsViewController.swift; sourceTree = "<group>"; };
		5A217D1C1F3B6F39003B8054 /* ContactTableViewCell.swift */ = {isa = PBXFileReference; fileEncoding = 4; lastKnownFileType = sourcecode.swift; path = ContactTableViewCell.swift; sourceTree = "<group>"; };
		5A217D1F1F3B771B003B8054 /* ContactDetailViewController.swift */ = {isa = PBXFileReference; fileEncoding = 4; lastKnownFileType = sourcecode.swift; path = ContactDetailViewController.swift; sourceTree = "<group>"; };
		5A217D211F3B90FA003B8054 /* ReadCell.swift */ = {isa = PBXFileReference; fileEncoding = 4; lastKnownFileType = sourcecode.swift; path = ReadCell.swift; sourceTree = "<group>"; };
		5AB93A661F3CE034004B74F1 /* SearchResultsViewController.swift */ = {isa = PBXFileReference; fileEncoding = 4; lastKnownFileType = sourcecode.swift; path = SearchResultsViewController.swift; sourceTree = "<group>"; };
		5AB93A681F3CE68D004B74F1 /* BaseTableViewController.swift */ = {isa = PBXFileReference; fileEncoding = 4; lastKnownFileType = sourcecode.swift; path = BaseTableViewController.swift; sourceTree = "<group>"; };
		5AB93A6B1F3D23A9004B74F1 /* NetworkReachability.swift */ = {isa = PBXFileReference; fileEncoding = 4; lastKnownFileType = sourcecode.swift; path = NetworkReachability.swift; sourceTree = "<group>"; };
		5AB93A791F3D286E004B74F1 /* UIColor+Extension.swift */ = {isa = PBXFileReference; fileEncoding = 4; lastKnownFileType = sourcecode.swift; path = "UIColor+Extension.swift"; sourceTree = "<group>"; };
		5AB93A7B1F3D2EE0004B74F1 /* InternalNotificationManager.swift */ = {isa = PBXFileReference; fileEncoding = 4; lastKnownFileType = sourcecode.swift; path = InternalNotificationManager.swift; sourceTree = "<group>"; };
		5AB93A7C1F3D2EE0004B74F1 /* InternalNotificationViewController.swift */ = {isa = PBXFileReference; fileEncoding = 4; lastKnownFileType = sourcecode.swift; path = InternalNotificationViewController.swift; sourceTree = "<group>"; };
		5AB93A7D1F3D2EE0004B74F1 /* InternalNotificationView.swift */ = {isa = PBXFileReference; fileEncoding = 4; lastKnownFileType = sourcecode.swift; path = InternalNotificationView.swift; sourceTree = "<group>"; };
		5AB93A7E1F3D2EE0004B74F1 /* InternalMessageNotificationView.swift */ = {isa = PBXFileReference; fileEncoding = 4; lastKnownFileType = sourcecode.swift; path = InternalMessageNotificationView.swift; sourceTree = "<group>"; };
		5AB93A7F1F3D2EE0004B74F1 /* InternalSyncNotificationView.swift */ = {isa = PBXFileReference; fileEncoding = 4; lastKnownFileType = sourcecode.swift; path = InternalSyncNotificationView.swift; sourceTree = "<group>"; };
		5AB93A861F3DCA65004B74F1 /* ReadDoubleCell.swift */ = {isa = PBXFileReference; fileEncoding = 4; lastKnownFileType = sourcecode.swift; path = ReadDoubleCell.swift; sourceTree = "<group>"; };
		5AB93A891F3DECA3004B74F1 /* MapViewController.swift */ = {isa = PBXFileReference; fileEncoding = 4; lastKnownFileType = sourcecode.swift; path = MapViewController.swift; sourceTree = "<group>"; };
		5AB93A8B1F3DF9D3004B74F1 /* ReadButtonCell.swift */ = {isa = PBXFileReference; fileEncoding = 4; lastKnownFileType = sourcecode.swift; path = ReadButtonCell.swift; sourceTree = "<group>"; };
		6796004462827BD7130211F2 /* Pods-Contacts.release.xcconfig */ = {isa = PBXFileReference; includeInIndex = 1; lastKnownFileType = text.xcconfig; name = "Pods-Contacts.release.xcconfig"; path = "Pods/Target Support Files/Pods-Contacts/Pods-Contacts.release.xcconfig"; sourceTree = "<group>"; };
		6BB6DFBFEB9B5DFCD193F6E7 /* Pods-Contacts.debug.xcconfig */ = {isa = PBXFileReference; includeInIndex = 1; lastKnownFileType = text.xcconfig; name = "Pods-Contacts.debug.xcconfig"; path = "Pods/Target Support Files/Pods-Contacts/Pods-Contacts.debug.xcconfig"; sourceTree = "<group>"; };
		7C25993B7AC52333739487EA /* Pods-ContactsTests.debug.xcconfig */ = {isa = PBXFileReference; includeInIndex = 1; lastKnownFileType = text.xcconfig; name = "Pods-ContactsTests.debug.xcconfig"; path = "Pods/Target Support Files/Pods-ContactsTests/Pods-ContactsTests.debug.xcconfig"; sourceTree = "<group>"; };
		A36F2333606261EC16265CED /* Pods_ContactsTests.framework */ = {isa = PBXFileReference; explicitFileType = wrapper.framework; includeInIndex = 0; path = Pods_ContactsTests.framework; sourceTree = BUILT_PRODUCTS_DIR; };
		CD173854B4F337CDB2BC8E2A /* Pods-ContactsTests.release.xcconfig */ = {isa = PBXFileReference; includeInIndex = 1; lastKnownFileType = text.xcconfig; name = "Pods-ContactsTests.release.xcconfig"; path = "Pods/Target Support Files/Pods-ContactsTests/Pods-ContactsTests.release.xcconfig"; sourceTree = "<group>"; };
/* End PBXFileReference section */

/* Begin PBXFrameworksBuildPhase section */
		5A217CE31F3B5B2B003B8054 /* Frameworks */ = {
			isa = PBXFrameworksBuildPhase;
			buildActionMask = 2147483647;
			files = (
				8DC506E887A8FC7F8B40F28A /* Pods_Contacts.framework in Frameworks */,
			);
			runOnlyForDeploymentPostprocessing = 0;
		};
		5A217CFA1F3B5B2B003B8054 /* Frameworks */ = {
			isa = PBXFrameworksBuildPhase;
			buildActionMask = 2147483647;
			files = (
				507C2B1EB1A57ED956323AA0 /* Pods_ContactsTests.framework in Frameworks */,
			);
			runOnlyForDeploymentPostprocessing = 0;
		};
/* End PBXFrameworksBuildPhase section */

/* Begin PBXGroup section */
		5A217CDD1F3B5B2A003B8054 = {
			isa = PBXGroup;
			children = (
				5A217CE81F3B5B2B003B8054 /* Contacts */,
				5A217D001F3B5B2B003B8054 /* ContactsTests */,
				5A217CE71F3B5B2B003B8054 /* Products */,
				FA13A9471658882C6F39FF46 /* Pods */,
				625327EF7404F88912687138 /* Frameworks */,
			);
			sourceTree = "<group>";
		};
		5A217CE71F3B5B2B003B8054 /* Products */ = {
			isa = PBXGroup;
			children = (
				5A217CE61F3B5B2B003B8054 /* Contacts.app */,
				5A217CFD1F3B5B2B003B8054 /* ContactsTests.xctest */,
			);
			name = Products;
			sourceTree = "<group>";
		};
		5A217CE81F3B5B2B003B8054 /* Contacts */ = {
			isa = PBXGroup;
			children = (
				5A217CE91F3B5B2B003B8054 /* AppDelegate.swift */,
				5AB93A6A1F3CE800004B74F1 /* Contacts */,
				5AB93A881F3DCA7A004B74F1 /* Read */,
				5A217D0E1F3B5CF0003B8054 /* Core Data */,
				5AB93A851F3D2EE7004B74F1 /* Internal Notification */,
				5AB93A781F3D27D0004B74F1 /* Utils */,
				5A217D191F3B6744003B8054 /* Extensions */,
				5A217CF31F3B5B2B003B8054 /* Assets.xcassets */,
				5A217CF51F3B5B2B003B8054 /* LaunchScreen.storyboard */,
				5A217CF81F3B5B2B003B8054 /* Info.plist */,
			);
			path = Contacts;
			sourceTree = "<group>";
		};
		5A217D001F3B5B2B003B8054 /* ContactsTests */ = {
			isa = PBXGroup;
			children = (
				5A217D011F3B5B2B003B8054 /* ContactsTests.swift */,
				5A217D031F3B5B2B003B8054 /* Info.plist */,
			);
			path = ContactsTests;
			sourceTree = "<group>";
		};
		5A217D0E1F3B5CF0003B8054 /* Core Data */ = {
			isa = PBXGroup;
			children = (
				5A217D0C1F3B5CE9003B8054 /* ContactsData.swift */,
				5A217CF01F3B5B2B003B8054 /* Contacts.xcdatamodeld */,
				5A217D111F3B66E2003B8054 /* ManagedObject+CoreDataClass.swift */,
				5A217D121F3B66E2003B8054 /* ManagedObject+CoreDataProperties.swift */,
				5A217D0F1F3B66E2003B8054 /* Contact+CoreDataClass.swift */,
				5A217D101F3B66E2003B8054 /* Contact+CoreDataProperties.swift */,
			);
			name = "Core Data";
			sourceTree = "<group>";
		};
		5A217D191F3B6744003B8054 /* Extensions */ = {
			isa = PBXGroup;
			children = (
				5A217D171F3B673C003B8054 /* NSAttributedString+Extension.swift */,
				5AB93A791F3D286E004B74F1 /* UIColor+Extension.swift */,
			);
			name = Extensions;
			sourceTree = "<group>";
		};
		5AB93A6A1F3CE800004B74F1 /* Contacts */ = {
			isa = PBXGroup;
			children = (
				5AB93A681F3CE68D004B74F1 /* BaseTableViewController.swift */,
				5A217D1A1F3B6DA2003B8054 /* ContactsViewController.swift */,
				5AB93A661F3CE034004B74F1 /* SearchResultsViewController.swift */,
				5A217D1C1F3B6F39003B8054 /* ContactTableViewCell.swift */,
			);
			name = Contacts;
			sourceTree = "<group>";
		};
		5AB93A781F3D27D0004B74F1 /* Utils */ = {
			isa = PBXGroup;
			children = (
				5AB93A6B1F3D23A9004B74F1 /* NetworkReachability.swift */,
			);
			name = Utils;
			sourceTree = "<group>";
		};
		5AB93A851F3D2EE7004B74F1 /* Internal Notification */ = {
			isa = PBXGroup;
			children = (
				5AB93A7B1F3D2EE0004B74F1 /* InternalNotificationManager.swift */,
				5AB93A7C1F3D2EE0004B74F1 /* InternalNotificationViewController.swift */,
				5AB93A7D1F3D2EE0004B74F1 /* InternalNotificationView.swift */,
				5AB93A7E1F3D2EE0004B74F1 /* InternalMessageNotificationView.swift */,
				5AB93A7F1F3D2EE0004B74F1 /* InternalSyncNotificationView.swift */,
			);
			name = "Internal Notification";
			sourceTree = "<group>";
		};
		5AB93A881F3DCA7A004B74F1 /* Read */ = {
			isa = PBXGroup;
			children = (
				5A217D1F1F3B771B003B8054 /* ContactDetailViewController.swift */,
				5AB93A891F3DECA3004B74F1 /* MapViewController.swift */,
				5A217D211F3B90FA003B8054 /* ReadCell.swift */,
				5AB93A8B1F3DF9D3004B74F1 /* ReadButtonCell.swift */,
				5AB93A861F3DCA65004B74F1 /* ReadDoubleCell.swift */,
			);
			name = Read;
			sourceTree = "<group>";
		};
		625327EF7404F88912687138 /* Frameworks */ = {
			isa = PBXGroup;
			children = (
				262EECEC4613A8AFAAAD8944 /* Pods_Contacts.framework */,
				A36F2333606261EC16265CED /* Pods_ContactsTests.framework */,
			);
			name = Frameworks;
			sourceTree = "<group>";
		};
		FA13A9471658882C6F39FF46 /* Pods */ = {
			isa = PBXGroup;
			children = (
				6BB6DFBFEB9B5DFCD193F6E7 /* Pods-Contacts.debug.xcconfig */,
				6796004462827BD7130211F2 /* Pods-Contacts.release.xcconfig */,
				7C25993B7AC52333739487EA /* Pods-ContactsTests.debug.xcconfig */,
				CD173854B4F337CDB2BC8E2A /* Pods-ContactsTests.release.xcconfig */,
			);
			name = Pods;
			sourceTree = "<group>";
		};
/* End PBXGroup section */

/* Begin PBXNativeTarget section */
		5A217CE51F3B5B2B003B8054 /* Contacts */ = {
			isa = PBXNativeTarget;
			buildConfigurationList = 5A217D061F3B5B2B003B8054 /* Build configuration list for PBXNativeTarget "Contacts" */;
			buildPhases = (
				148A5044700650943E6B3259 /* [CP] Check Pods Manifest.lock */,
				5A217CE21F3B5B2B003B8054 /* Sources */,
				5A217CE31F3B5B2B003B8054 /* Frameworks */,
				5A217CE41F3B5B2B003B8054 /* Resources */,
				5C9CF124422F4B45A6F33AB8 /* [CP] Embed Pods Frameworks */,
				E981AEF5845A74FECEA74B2E /* [CP] Copy Pods Resources */,
			);
			buildRules = (
			);
			dependencies = (
			);
			name = Contacts;
			productName = Contacts;
			productReference = 5A217CE61F3B5B2B003B8054 /* Contacts.app */;
			productType = "com.apple.product-type.application";
		};
		5A217CFC1F3B5B2B003B8054 /* ContactsTests */ = {
			isa = PBXNativeTarget;
			buildConfigurationList = 5A217D091F3B5B2B003B8054 /* Build configuration list for PBXNativeTarget "ContactsTests" */;
			buildPhases = (
				41CFE8A8F5D92EBCCF7BF3B3 /* [CP] Check Pods Manifest.lock */,
				5A217CF91F3B5B2B003B8054 /* Sources */,
				5A217CFA1F3B5B2B003B8054 /* Frameworks */,
				5A217CFB1F3B5B2B003B8054 /* Resources */,
				CC2875868B865A09256BC5C7 /* [CP] Embed Pods Frameworks */,
				4AECD5AD621B254A62393F02 /* [CP] Copy Pods Resources */,
			);
			buildRules = (
			);
			dependencies = (
				5A217CFF1F3B5B2B003B8054 /* PBXTargetDependency */,
			);
			name = ContactsTests;
			productName = ContactsTests;
			productReference = 5A217CFD1F3B5B2B003B8054 /* ContactsTests.xctest */;
			productType = "com.apple.product-type.bundle.unit-test";
		};
/* End PBXNativeTarget section */

/* Begin PBXProject section */
		5A217CDE1F3B5B2A003B8054 /* Project object */ = {
			isa = PBXProject;
			attributes = {
				LastSwiftUpdateCheck = 0830;
				LastUpgradeCheck = 0830;
				ORGANIZATIONNAME = "Mike Rose";
				TargetAttributes = {
					5A217CE51F3B5B2B003B8054 = {
						CreatedOnToolsVersion = 8.3.3;
						DevelopmentTeam = ELXT2RBC33;
						ProvisioningStyle = Automatic;
					};
					5A217CFC1F3B5B2B003B8054 = {
						CreatedOnToolsVersion = 8.3.3;
						DevelopmentTeam = V5QJ4WMMXK;
						ProvisioningStyle = Automatic;
						TestTargetID = 5A217CE51F3B5B2B003B8054;
					};
				};
			};
			buildConfigurationList = 5A217CE11F3B5B2A003B8054 /* Build configuration list for PBXProject "Contacts" */;
			compatibilityVersion = "Xcode 3.2";
			developmentRegion = English;
			hasScannedForEncodings = 0;
			knownRegions = (
				en,
				Base,
			);
			mainGroup = 5A217CDD1F3B5B2A003B8054;
			productRefGroup = 5A217CE71F3B5B2B003B8054 /* Products */;
			projectDirPath = "";
			projectRoot = "";
			targets = (
				5A217CE51F3B5B2B003B8054 /* Contacts */,
				5A217CFC1F3B5B2B003B8054 /* ContactsTests */,
			);
		};
/* End PBXProject section */

/* Begin PBXResourcesBuildPhase section */
		5A217CE41F3B5B2B003B8054 /* Resources */ = {
			isa = PBXResourcesBuildPhase;
			buildActionMask = 2147483647;
			files = (
				5A217CF71F3B5B2B003B8054 /* LaunchScreen.storyboard in Resources */,
				5A217CF41F3B5B2B003B8054 /* Assets.xcassets in Resources */,
			);
			runOnlyForDeploymentPostprocessing = 0;
		};
		5A217CFB1F3B5B2B003B8054 /* Resources */ = {
			isa = PBXResourcesBuildPhase;
			buildActionMask = 2147483647;
			files = (
			);
			runOnlyForDeploymentPostprocessing = 0;
		};
/* End PBXResourcesBuildPhase section */

/* Begin PBXShellScriptBuildPhase section */
		148A5044700650943E6B3259 /* [CP] Check Pods Manifest.lock */ = {
			isa = PBXShellScriptBuildPhase;
			buildActionMask = 2147483647;
			files = (
			);
			inputPaths = (
			);
			name = "[CP] Check Pods Manifest.lock";
			outputPaths = (
			);
			runOnlyForDeploymentPostprocessing = 0;
			shellPath = /bin/sh;
			shellScript = "diff \"${PODS_ROOT}/../Podfile.lock\" \"${PODS_ROOT}/Manifest.lock\" > /dev/null\nif [ $? != 0 ] ; then\n    # print error to STDERR\n    echo \"error: The sandbox is not in sync with the Podfile.lock. Run 'pod install' or update your CocoaPods installation.\" >&2\n    exit 1\nfi\n";
			showEnvVarsInLog = 0;
		};
		41CFE8A8F5D92EBCCF7BF3B3 /* [CP] Check Pods Manifest.lock */ = {
			isa = PBXShellScriptBuildPhase;
			buildActionMask = 2147483647;
			files = (
			);
			inputPaths = (
			);
			name = "[CP] Check Pods Manifest.lock";
			outputPaths = (
			);
			runOnlyForDeploymentPostprocessing = 0;
			shellPath = /bin/sh;
			shellScript = "diff \"${PODS_ROOT}/../Podfile.lock\" \"${PODS_ROOT}/Manifest.lock\" > /dev/null\nif [ $? != 0 ] ; then\n    # print error to STDERR\n    echo \"error: The sandbox is not in sync with the Podfile.lock. Run 'pod install' or update your CocoaPods installation.\" >&2\n    exit 1\nfi\n";
			showEnvVarsInLog = 0;
		};
		4AECD5AD621B254A62393F02 /* [CP] Copy Pods Resources */ = {
			isa = PBXShellScriptBuildPhase;
			buildActionMask = 2147483647;
			files = (
			);
			inputPaths = (
			);
			name = "[CP] Copy Pods Resources";
			outputPaths = (
			);
			runOnlyForDeploymentPostprocessing = 0;
			shellPath = /bin/sh;
			shellScript = "\"${SRCROOT}/Pods/Target Support Files/Pods-ContactsTests/Pods-ContactsTests-resources.sh\"\n";
			showEnvVarsInLog = 0;
		};
		5C9CF124422F4B45A6F33AB8 /* [CP] Embed Pods Frameworks */ = {
			isa = PBXShellScriptBuildPhase;
			buildActionMask = 2147483647;
			files = (
			);
			inputPaths = (
			);
			name = "[CP] Embed Pods Frameworks";
			outputPaths = (
			);
			runOnlyForDeploymentPostprocessing = 0;
			shellPath = /bin/sh;
			shellScript = "\"${SRCROOT}/Pods/Target Support Files/Pods-Contacts/Pods-Contacts-frameworks.sh\"\n";
			showEnvVarsInLog = 0;
		};
		CC2875868B865A09256BC5C7 /* [CP] Embed Pods Frameworks */ = {
			isa = PBXShellScriptBuildPhase;
			buildActionMask = 2147483647;
			files = (
			);
			inputPaths = (
			);
			name = "[CP] Embed Pods Frameworks";
			outputPaths = (
			);
			runOnlyForDeploymentPostprocessing = 0;
			shellPath = /bin/sh;
			shellScript = "\"${SRCROOT}/Pods/Target Support Files/Pods-ContactsTests/Pods-ContactsTests-frameworks.sh\"\n";
			showEnvVarsInLog = 0;
		};
		E981AEF5845A74FECEA74B2E /* [CP] Copy Pods Resources */ = {
			isa = PBXShellScriptBuildPhase;
			buildActionMask = 2147483647;
			files = (
			);
			inputPaths = (
			);
			name = "[CP] Copy Pods Resources";
			outputPaths = (
			);
			runOnlyForDeploymentPostprocessing = 0;
			shellPath = /bin/sh;
			shellScript = "\"${SRCROOT}/Pods/Target Support Files/Pods-Contacts/Pods-Contacts-resources.sh\"\n";
			showEnvVarsInLog = 0;
		};
/* End PBXShellScriptBuildPhase section */

/* Begin PBXSourcesBuildPhase section */
		5A217CE21F3B5B2B003B8054 /* Sources */ = {
			isa = PBXSourcesBuildPhase;
			buildActionMask = 2147483647;
			files = (
				5AB93A7A1F3D286E004B74F1 /* UIColor+Extension.swift in Sources */,
				5A217D181F3B673C003B8054 /* NSAttributedString+Extension.swift in Sources */,
				5AB93A821F3D2EE0004B74F1 /* InternalNotificationView.swift in Sources */,
				5A217D161F3B66E2003B8054 /* ManagedObject+CoreDataProperties.swift in Sources */,
				5AB93A671F3CE034004B74F1 /* SearchResultsViewController.swift in Sources */,
				5A217D141F3B66E2003B8054 /* Contact+CoreDataProperties.swift in Sources */,
				5A217CEA1F3B5B2B003B8054 /* AppDelegate.swift in Sources */,
				5AB93A8C1F3DF9D3004B74F1 /* ReadButtonCell.swift in Sources */,
				5A217D0D1F3B5CE9003B8054 /* ContactsData.swift in Sources */,
				5A217D1B1F3B6DA2003B8054 /* ContactsViewController.swift in Sources */,
				5AB93A8A1F3DECA3004B74F1 /* MapViewController.swift in Sources */,
				5A217D221F3B90FA003B8054 /* ReadCell.swift in Sources */,
				5A217D1D1F3B6F39003B8054 /* ContactTableViewCell.swift in Sources */,
				5A217CF21F3B5B2B003B8054 /* Contacts.xcdatamodeld in Sources */,
				5AB93A871F3DCA65004B74F1 /* ReadDoubleCell.swift in Sources */,
				5AB93A801F3D2EE0004B74F1 /* InternalNotificationManager.swift in Sources */,
				5AB93A691F3CE68D004B74F1 /* BaseTableViewController.swift in Sources */,
				5A217D131F3B66E2003B8054 /* Contact+CoreDataClass.swift in Sources */,
				5A217D151F3B66E2003B8054 /* ManagedObject+CoreDataClass.swift in Sources */,
				5AB93A841F3D2EE0004B74F1 /* InternalSyncNotificationView.swift in Sources */,
				5AB93A831F3D2EE0004B74F1 /* InternalMessageNotificationView.swift in Sources */,
				5A217D201F3B771B003B8054 /* ContactDetailViewController.swift in Sources */,
				5AB93A811F3D2EE0004B74F1 /* InternalNotificationViewController.swift in Sources */,
				5AB93A6C1F3D23A9004B74F1 /* NetworkReachability.swift in Sources */,
			);
			runOnlyForDeploymentPostprocessing = 0;
		};
		5A217CF91F3B5B2B003B8054 /* Sources */ = {
			isa = PBXSourcesBuildPhase;
			buildActionMask = 2147483647;
			files = (
				5A217D021F3B5B2B003B8054 /* ContactsTests.swift in Sources */,
			);
			runOnlyForDeploymentPostprocessing = 0;
		};
/* End PBXSourcesBuildPhase section */

/* Begin PBXTargetDependency section */
		5A217CFF1F3B5B2B003B8054 /* PBXTargetDependency */ = {
			isa = PBXTargetDependency;
			target = 5A217CE51F3B5B2B003B8054 /* Contacts */;
			targetProxy = 5A217CFE1F3B5B2B003B8054 /* PBXContainerItemProxy */;
		};
/* End PBXTargetDependency section */

/* Begin PBXVariantGroup section */
		5A217CF51F3B5B2B003B8054 /* LaunchScreen.storyboard */ = {
			isa = PBXVariantGroup;
			children = (
				5A217CF61F3B5B2B003B8054 /* Base */,
			);
			name = LaunchScreen.storyboard;
			sourceTree = "<group>";
		};
/* End PBXVariantGroup section */

/* Begin XCBuildConfiguration section */
		5A217D041F3B5B2B003B8054 /* Debug */ = {
			isa = XCBuildConfiguration;
			buildSettings = {
				ALWAYS_SEARCH_USER_PATHS = NO;
				CLANG_ANALYZER_NONNULL = YES;
				CLANG_ANALYZER_NUMBER_OBJECT_CONVERSION = YES_AGGRESSIVE;
				CLANG_CXX_LANGUAGE_STANDARD = "gnu++0x";
				CLANG_CXX_LIBRARY = "libc++";
				CLANG_ENABLE_MODULES = YES;
				CLANG_ENABLE_OBJC_ARC = YES;
				CLANG_WARN_BOOL_CONVERSION = YES;
				CLANG_WARN_CONSTANT_CONVERSION = YES;
				CLANG_WARN_DIRECT_OBJC_ISA_USAGE = YES_ERROR;
				CLANG_WARN_DOCUMENTATION_COMMENTS = YES;
				CLANG_WARN_EMPTY_BODY = YES;
				CLANG_WARN_ENUM_CONVERSION = YES;
				CLANG_WARN_INFINITE_RECURSION = YES;
				CLANG_WARN_INT_CONVERSION = YES;
				CLANG_WARN_OBJC_ROOT_CLASS = YES_ERROR;
				CLANG_WARN_SUSPICIOUS_MOVE = YES;
				CLANG_WARN_UNREACHABLE_CODE = YES;
				CLANG_WARN__DUPLICATE_METHOD_MATCH = YES;
				"CODE_SIGN_IDENTITY[sdk=iphoneos*]" = "iPhone Developer";
				COPY_PHASE_STRIP = NO;
				DEBUG_INFORMATION_FORMAT = dwarf;
				ENABLE_STRICT_OBJC_MSGSEND = YES;
				ENABLE_TESTABILITY = YES;
				GCC_C_LANGUAGE_STANDARD = gnu99;
				GCC_DYNAMIC_NO_PIC = NO;
				GCC_NO_COMMON_BLOCKS = YES;
				GCC_OPTIMIZATION_LEVEL = 0;
				GCC_PREPROCESSOR_DEFINITIONS = (
					"DEBUG=1",
					"$(inherited)",
				);
				GCC_WARN_64_TO_32_BIT_CONVERSION = YES;
				GCC_WARN_ABOUT_RETURN_TYPE = YES_ERROR;
				GCC_WARN_UNDECLARED_SELECTOR = YES;
				GCC_WARN_UNINITIALIZED_AUTOS = YES_AGGRESSIVE;
				GCC_WARN_UNUSED_FUNCTION = YES;
				GCC_WARN_UNUSED_VARIABLE = YES;
				IPHONEOS_DEPLOYMENT_TARGET = 10.3;
				MTL_ENABLE_DEBUG_INFO = YES;
				ONLY_ACTIVE_ARCH = YES;
				SDKROOT = iphoneos;
				SWIFT_ACTIVE_COMPILATION_CONDITIONS = DEBUG;
				SWIFT_OPTIMIZATION_LEVEL = "-Onone";
			};
			name = Debug;
		};
		5A217D051F3B5B2B003B8054 /* Release */ = {
			isa = XCBuildConfiguration;
			buildSettings = {
				ALWAYS_SEARCH_USER_PATHS = NO;
				CLANG_ANALYZER_NONNULL = YES;
				CLANG_ANALYZER_NUMBER_OBJECT_CONVERSION = YES_AGGRESSIVE;
				CLANG_CXX_LANGUAGE_STANDARD = "gnu++0x";
				CLANG_CXX_LIBRARY = "libc++";
				CLANG_ENABLE_MODULES = YES;
				CLANG_ENABLE_OBJC_ARC = YES;
				CLANG_WARN_BOOL_CONVERSION = YES;
				CLANG_WARN_CONSTANT_CONVERSION = YES;
				CLANG_WARN_DIRECT_OBJC_ISA_USAGE = YES_ERROR;
				CLANG_WARN_DOCUMENTATION_COMMENTS = YES;
				CLANG_WARN_EMPTY_BODY = YES;
				CLANG_WARN_ENUM_CONVERSION = YES;
				CLANG_WARN_INFINITE_RECURSION = YES;
				CLANG_WARN_INT_CONVERSION = YES;
				CLANG_WARN_OBJC_ROOT_CLASS = YES_ERROR;
				CLANG_WARN_SUSPICIOUS_MOVE = YES;
				CLANG_WARN_UNREACHABLE_CODE = YES;
				CLANG_WARN__DUPLICATE_METHOD_MATCH = YES;
				"CODE_SIGN_IDENTITY[sdk=iphoneos*]" = "iPhone Developer";
				COPY_PHASE_STRIP = NO;
				DEBUG_INFORMATION_FORMAT = "dwarf-with-dsym";
				ENABLE_NS_ASSERTIONS = NO;
				ENABLE_STRICT_OBJC_MSGSEND = YES;
				GCC_C_LANGUAGE_STANDARD = gnu99;
				GCC_NO_COMMON_BLOCKS = YES;
				GCC_WARN_64_TO_32_BIT_CONVERSION = YES;
				GCC_WARN_ABOUT_RETURN_TYPE = YES_ERROR;
				GCC_WARN_UNDECLARED_SELECTOR = YES;
				GCC_WARN_UNINITIALIZED_AUTOS = YES_AGGRESSIVE;
				GCC_WARN_UNUSED_FUNCTION = YES;
				GCC_WARN_UNUSED_VARIABLE = YES;
				IPHONEOS_DEPLOYMENT_TARGET = 10.3;
				MTL_ENABLE_DEBUG_INFO = NO;
				SDKROOT = iphoneos;
				SWIFT_OPTIMIZATION_LEVEL = "-Owholemodule";
				VALIDATE_PRODUCT = YES;
			};
			name = Release;
		};
		5A217D071F3B5B2B003B8054 /* Debug */ = {
			isa = XCBuildConfiguration;
			baseConfigurationReference = 6BB6DFBFEB9B5DFCD193F6E7 /* Pods-Contacts.debug.xcconfig */;
			buildSettings = {
				ASSETCATALOG_COMPILER_APPICON_NAME = AppIcon;
				DEVELOPMENT_TEAM = ELXT2RBC33;
				INFOPLIST_FILE = Contacts/Info.plist;
				LD_RUNPATH_SEARCH_PATHS = "$(inherited) @executable_path/Frameworks";
				PRODUCT_BUNDLE_IDENTIFIER = com.rosem.Contacts;
				PRODUCT_NAME = "$(TARGET_NAME)";
				SWIFT_VERSION = 3.0;
			};
			name = Debug;
		};
		5A217D081F3B5B2B003B8054 /* Release */ = {
			isa = XCBuildConfiguration;
			baseConfigurationReference = 6796004462827BD7130211F2 /* Pods-Contacts.release.xcconfig */;
			buildSettings = {
				ASSETCATALOG_COMPILER_APPICON_NAME = AppIcon;
				DEVELOPMENT_TEAM = ELXT2RBC33;
				INFOPLIST_FILE = Contacts/Info.plist;
				LD_RUNPATH_SEARCH_PATHS = "$(inherited) @executable_path/Frameworks";
				PRODUCT_BUNDLE_IDENTIFIER = com.rosem.Contacts;
				PRODUCT_NAME = "$(TARGET_NAME)";
				SWIFT_VERSION = 3.0;
			};
			name = Release;
		};
		5A217D0A1F3B5B2B003B8054 /* Debug */ = {
			isa = XCBuildConfiguration;
			baseConfigurationReference = 7C25993B7AC52333739487EA /* Pods-ContactsTests.debug.xcconfig */;
			buildSettings = {
				ALWAYS_EMBED_SWIFT_STANDARD_LIBRARIES = YES;
				BUNDLE_LOADER = "$(TEST_HOST)";
				DEVELOPMENT_TEAM = V5QJ4WMMXK;
				INFOPLIST_FILE = ContactsTests/Info.plist;
				LD_RUNPATH_SEARCH_PATHS = "$(inherited) @executable_path/Frameworks @loader_path/Frameworks";
				PRODUCT_BUNDLE_IDENTIFIER = com.rosem.ContactsTests;
				PRODUCT_NAME = "$(TARGET_NAME)";
				SWIFT_VERSION = 3.0;
				TEST_HOST = "$(BUILT_PRODUCTS_DIR)/Contacts.app/Contacts";
			};
			name = Debug;
		};
		5A217D0B1F3B5B2B003B8054 /* Release */ = {
			isa = XCBuildConfiguration;
			baseConfigurationReference = CD173854B4F337CDB2BC8E2A /* Pods-ContactsTests.release.xcconfig */;
			buildSettings = {
				ALWAYS_EMBED_SWIFT_STANDARD_LIBRARIES = YES;
				BUNDLE_LOADER = "$(TEST_HOST)";
				DEVELOPMENT_TEAM = V5QJ4WMMXK;
				INFOPLIST_FILE = ContactsTests/Info.plist;
				LD_RUNPATH_SEARCH_PATHS = "$(inherited) @executable_path/Frameworks @loader_path/Frameworks";
				PRODUCT_BUNDLE_IDENTIFIER = com.rosem.ContactsTests;
				PRODUCT_NAME = "$(TARGET_NAME)";
				SWIFT_VERSION = 3.0;
				TEST_HOST = "$(BUILT_PRODUCTS_DIR)/Contacts.app/Contacts";
			};
			name = Release;
		};
/* End XCBuildConfiguration section */

/* Begin XCConfigurationList section */
		5A217CE11F3B5B2A003B8054 /* Build configuration list for PBXProject "Contacts" */ = {
			isa = XCConfigurationList;
			buildConfigurations = (
				5A217D041F3B5B2B003B8054 /* Debug */,
				5A217D051F3B5B2B003B8054 /* Release */,
			);
			defaultConfigurationIsVisible = 0;
			defaultConfigurationName = Release;
		};
		5A217D061F3B5B2B003B8054 /* Build configuration list for PBXNativeTarget "Contacts" */ = {
			isa = XCConfigurationList;
			buildConfigurations = (
				5A217D071F3B5B2B003B8054 /* Debug */,
				5A217D081F3B5B2B003B8054 /* Release */,
			);
			defaultConfigurationIsVisible = 0;
			defaultConfigurationName = Release;
		};
		5A217D091F3B5B2B003B8054 /* Build configuration list for PBXNativeTarget "ContactsTests" */ = {
			isa = XCConfigurationList;
			buildConfigurations = (
				5A217D0A1F3B5B2B003B8054 /* Debug */,
				5A217D0B1F3B5B2B003B8054 /* Release */,
			);
			defaultConfigurationIsVisible = 0;
			defaultConfigurationName = Release;
		};
/* End XCConfigurationList section */

/* Begin XCVersionGroup section */
		5A217CF01F3B5B2B003B8054 /* Contacts.xcdatamodeld */ = {
			isa = XCVersionGroup;
			children = (
				5A217CF11F3B5B2B003B8054 /* Contacts.xcdatamodel */,
			);
			currentVersion = 5A217CF11F3B5B2B003B8054 /* Contacts.xcdatamodel */;
			path = Contacts.xcdatamodeld;
			sourceTree = "<group>";
			versionGroupType = wrapper.xcdatamodel;
		};
/* End XCVersionGroup section */
	};
	rootObject = 5A217CDE1F3B5B2A003B8054 /* Project object */;
}
